// !$*UTF8*$!
{
	archiveVersion = 1;
	classes = {
	};
	objectVersion = 50;
	objects = {

/* Begin PBXBuildFile section */
		4C0FD77C2195176200DA333A /* TestInject.swift in Sources */ = {isa = PBXBuildFile; fileRef = 4C0FD77B2195176200DA333A /* TestInject.swift */; };
		4C0FD77E2195183700DA333A /* Extensions.swift in Sources */ = {isa = PBXBuildFile; fileRef = 4C0FD77D2195183700DA333A /* Extensions.swift */; };
		4C0FD78121952CFD00DA333A /* ImageExtension.swift in Sources */ = {isa = PBXBuildFile; fileRef = 4C0FD78021952CFD00DA333A /* ImageExtension.swift */; };
		4CE5E8C32195117500BC86F7 /* AppDelegate.swift in Sources */ = {isa = PBXBuildFile; fileRef = 4CE5E8C22195117500BC86F7 /* AppDelegate.swift */; };
		4CE5E8C52195117500BC86F7 /* ViewController.swift in Sources */ = {isa = PBXBuildFile; fileRef = 4CE5E8C42195117500BC86F7 /* ViewController.swift */; };
		4CE5E8CA2195117600BC86F7 /* Assets.xcassets in Resources */ = {isa = PBXBuildFile; fileRef = 4CE5E8C92195117600BC86F7 /* Assets.xcassets */; };
		4CE5E8CD2195117600BC86F7 /* LaunchScreen.storyboard in Resources */ = {isa = PBXBuildFile; fileRef = 4CE5E8CB2195117600BC86F7 /* LaunchScreen.storyboard */; };
/* End PBXBuildFile section */

/* Begin PBXFileReference section */
		4C0FD77B2195176200DA333A /* TestInject.swift */ = {isa = PBXFileReference; fileEncoding = 4; lastKnownFileType = sourcecode.swift; path = TestInject.swift; sourceTree = "<group>"; };
		4C0FD77D2195183700DA333A /* Extensions.swift */ = {isa = PBXFileReference; fileEncoding = 4; lastKnownFileType = sourcecode.swift; path = Extensions.swift; sourceTree = "<group>"; };
		4C0FD78021952CFD00DA333A /* ImageExtension.swift */ = {isa = PBXFileReference; lastKnownFileType = sourcecode.swift; path = ImageExtension.swift; sourceTree = "<group>"; };
		4CE5E8BF2195117500BC86F7 /* AndroidQuality.app */ = {isa = PBXFileReference; explicitFileType = wrapper.application; includeInIndex = 0; path = AndroidQuality.app; sourceTree = BUILT_PRODUCTS_DIR; };
		4CE5E8C22195117500BC86F7 /* AppDelegate.swift */ = {isa = PBXFileReference; lastKnownFileType = sourcecode.swift; path = AppDelegate.swift; sourceTree = "<group>"; };
		4CE5E8C42195117500BC86F7 /* ViewController.swift */ = {isa = PBXFileReference; lastKnownFileType = sourcecode.swift; path = ViewController.swift; sourceTree = "<group>"; };
		4CE5E8C92195117600BC86F7 /* Assets.xcassets */ = {isa = PBXFileReference; lastKnownFileType = folder.assetcatalog; path = Assets.xcassets; sourceTree = "<group>"; };
		4CE5E8CC2195117600BC86F7 /* Base */ = {isa = PBXFileReference; lastKnownFileType = file.storyboard; name = Base; path = Base.lproj/LaunchScreen.storyboard; sourceTree = "<group>"; };
		4CE5E8CE2195117600BC86F7 /* Info.plist */ = {isa = PBXFileReference; lastKnownFileType = text.plist.xml; path = Info.plist; sourceTree = "<group>"; };
/* End PBXFileReference section */

/* Begin PBXFrameworksBuildPhase section */
		4CE5E8BC2195117500BC86F7 /* Frameworks */ = {
			isa = PBXFrameworksBuildPhase;
			buildActionMask = 2147483647;
			files = (
			);
			runOnlyForDeploymentPostprocessing = 0;
		};
/* End PBXFrameworksBuildPhase section */

/* Begin PBXGroup section */
		4C0FD77F2195184500DA333A /* Helpers */ = {
			isa = PBXGroup;
			children = (
				4C0FD77D2195183700DA333A /* Extensions.swift */,
				4C0FD78021952CFD00DA333A /* ImageExtension.swift */,
			);
			path = Helpers;
			sourceTree = "<group>";
		};
		4CE5E8B62195117500BC86F7 = {
			isa = PBXGroup;
			children = (
				4CE5E8C12195117500BC86F7 /* AndroidQuality */,
				4CE5E8C02195117500BC86F7 /* Products */,
			);
			sourceTree = "<group>";
		};
		4CE5E8C02195117500BC86F7 /* Products */ = {
			isa = PBXGroup;
			children = (
				4CE5E8BF2195117500BC86F7 /* AndroidQuality.app */,
			);
			name = Products;
			sourceTree = "<group>";
		};
		4CE5E8C12195117500BC86F7 /* AndroidQuality */ = {
			isa = PBXGroup;
			children = (
				4CE5E8C22195117500BC86F7 /* AppDelegate.swift */,
				4CE5E8C42195117500BC86F7 /* ViewController.swift */,
				4C0FD77B2195176200DA333A /* TestInject.swift */,
				4C0FD77F2195184500DA333A /* Helpers */,
				4CE5E8C92195117600BC86F7 /* Assets.xcassets */,
				4CE5E8CB2195117600BC86F7 /* LaunchScreen.storyboard */,
				4CE5E8CE2195117600BC86F7 /* Info.plist */,
			);
			path = AndroidQuality;
			sourceTree = "<group>";
		};
/* End PBXGroup section */

/* Begin PBXNativeTarget section */
		4CE5E8BE2195117500BC86F7 /* AndroidQuality */ = {
			isa = PBXNativeTarget;
			buildConfigurationList = 4CE5E8D12195117600BC86F7 /* Build configuration list for PBXNativeTarget "AndroidQuality" */;
			buildPhases = (
				4CE5E8BB2195117500BC86F7 /* Sources */,
				4CE5E8BC2195117500BC86F7 /* Frameworks */,
				4CE5E8BD2195117500BC86F7 /* Resources */,
			);
			buildRules = (
			);
			dependencies = (
			);
			name = AndroidQuality;
			productName = AndroidQuality;
			productReference = 4CE5E8BF2195117500BC86F7 /* AndroidQuality.app */;
			productType = "com.apple.product-type.application";
		};
/* End PBXNativeTarget section */

/* Begin PBXProject section */
		4CE5E8B72195117500BC86F7 /* Project object */ = {
			isa = PBXProject;
			attributes = {
				LastSwiftUpdateCheck = 1010;
				LastUpgradeCheck = 1010;
				ORGANIZATIONNAME = "Michael Lema";
				TargetAttributes = {
					4CE5E8BE2195117500BC86F7 = {
						CreatedOnToolsVersion = 10.1;
					};
				};
			};
			buildConfigurationList = 4CE5E8BA2195117500BC86F7 /* Build configuration list for PBXProject "AndroidQuality" */;
			compatibilityVersion = "Xcode 9.3";
			developmentRegion = en;
			hasScannedForEncodings = 0;
			knownRegions = (
				en,
				Base,
			);
			mainGroup = 4CE5E8B62195117500BC86F7;
			productRefGroup = 4CE5E8C02195117500BC86F7 /* Products */;
			projectDirPath = "";
			projectRoot = "";
			targets = (
				4CE5E8BE2195117500BC86F7 /* AndroidQuality */,
			);
		};
/* End PBXProject section */

/* Begin PBXResourcesBuildPhase section */
		4CE5E8BD2195117500BC86F7 /* Resources */ = {
			isa = PBXResourcesBuildPhase;
			buildActionMask = 2147483647;
			files = (
				4CE5E8CD2195117600BC86F7 /* LaunchScreen.storyboard in Resources */,
				4CE5E8CA2195117600BC86F7 /* Assets.xcassets in Resources */,
			);
			runOnlyForDeploymentPostprocessing = 0;
		};
/* End PBXResourcesBuildPhase section */

/* Begin PBXSourcesBuildPhase section */
		4CE5E8BB2195117500BC86F7 /* Sources */ = {
			isa = PBXSourcesBuildPhase;
			buildActionMask = 2147483647;
			files = (
				4CE5E8C52195117500BC86F7 /* ViewController.swift in Sources */,
				4CE5E8C32195117500BC86F7 /* AppDelegate.swift in Sources */,
				4C0FD77C2195176200DA333A /* TestInject.swift in Sources */,
				4C0FD78121952CFD00DA333A /* ImageExtension.swift in Sources */,
				4C0FD77E2195183700DA333A /* Extensions.swift in Sources */,
			);
			runOnlyForDeploymentPostprocessing = 0;
		};
/* End PBXSourcesBuildPhase section */

/* Begin PBXVariantGroup section */
		4CE5E8CB2195117600BC86F7 /* LaunchScreen.storyboard */ = {
			isa = PBXVariantGroup;
			children = (
				4CE5E8CC2195117600BC86F7 /* Base */,
			);
			name = LaunchScreen.storyboard;
			sourceTree = "<group>";
		};
/* End PBXVariantGroup section */

/* Begin XCBuildConfiguration section */
		4CE5E8CF2195117600BC86F7 /* Debug */ = {
			isa = XCBuildConfiguration;
			buildSettings = {
				ALWAYS_SEARCH_USER_PATHS = NO;
				CLANG_ANALYZER_NONNULL = YES;
				CLANG_ANALYZER_NUMBER_OBJECT_CONVERSION = YES_AGGRESSIVE;
				CLANG_CXX_LANGUAGE_STANDARD = "gnu++14";
				CLANG_CXX_LIBRARY = "libc++";
				CLANG_ENABLE_MODULES = YES;
				CLANG_ENABLE_OBJC_ARC = YES;
				CLANG_ENABLE_OBJC_WEAK = YES;
				CLANG_WARN_BLOCK_CAPTURE_AUTORELEASING = YES;
				CLANG_WARN_BOOL_CONVERSION = YES;
				CLANG_WARN_COMMA = YES;
				CLANG_WARN_CONSTANT_CONVERSION = YES;
				CLANG_WARN_DEPRECATED_OBJC_IMPLEMENTATIONS = YES;
				CLANG_WARN_DIRECT_OBJC_ISA_USAGE = YES_ERROR;
				CLANG_WARN_DOCUMENTATION_COMMENTS = YES;
				CLANG_WARN_EMPTY_BODY = YES;
				CLANG_WARN_ENUM_CONVERSION = YES;
				CLANG_WARN_INFINITE_RECURSION = YES;
				CLANG_WARN_INT_CONVERSION = YES;
				CLANG_WARN_NON_LITERAL_NULL_CONVERSION = YES;
				CLANG_WARN_OBJC_IMPLICIT_RETAIN_SELF = YES;
				CLANG_WARN_OBJC_LITERAL_CONVERSION = YES;
				CLANG_WARN_OBJC_ROOT_CLASS = YES_ERROR;
				CLANG_WARN_RANGE_LOOP_ANALYSIS = YES;
				CLANG_WARN_STRICT_PROTOTYPES = YES;
				CLANG_WARN_SUSPICIOUS_MOVE = YES;
				CLANG_WARN_UNGUARDED_AVAILABILITY = YES_AGGRESSIVE;
				CLANG_WARN_UNREACHABLE_CODE = YES;
				CLANG_WARN__DUPLICATE_METHOD_MATCH = YES;
				CODE_SIGN_IDENTITY = "iPhone Developer";
				COPY_PHASE_STRIP = NO;
				DEBUG_INFORMATION_FORMAT = dwarf;
				ENABLE_STRICT_OBJC_MSGSEND = YES;
				ENABLE_TESTABILITY = YES;
				GCC_C_LANGUAGE_STANDARD = gnu11;
				GCC_DYNAMIC_NO_PIC = NO;
				GCC_NO_COMMON_BLOCKS = YES;
				GCC_OPTIMIZATION_LEVEL = 0;
				GCC_PREPROCESSOR_DEFINITIONS = (
					"DEBUG=1",
					"$(inherited)",
				);
				GCC_WARN_64_TO_32_BIT_CONVERSION = YES;
				GCC_WARN_ABOUT_RETURN_TYPE = YES_ERROR;
				GCC_WARN_UNDECLARED_SELECTOR = YES;
				GCC_WARN_UNINITIALIZED_AUTOS = YES_AGGRESSIVE;
				GCC_WARN_UNUSED_FUNCTION = YES;
				GCC_WARN_UNUSED_VARIABLE = YES;
				IPHONEOS_DEPLOYMENT_TARGET = 12.1;
				MTL_ENABLE_DEBUG_INFO = INCLUDE_SOURCE;
				MTL_FAST_MATH = YES;
				ONLY_ACTIVE_ARCH = YES;
				SDKROOT = iphoneos;
				SWIFT_ACTIVE_COMPILATION_CONDITIONS = DEBUG;
				SWIFT_OPTIMIZATION_LEVEL = "-Onone";
			};
			name = Debug;
		};
		4CE5E8D02195117600BC86F7 /* Release */ = {
			isa = XCBuildConfiguration;
			buildSettings = {
				ALWAYS_SEARCH_USER_PATHS = NO;
				CLANG_ANALYZER_NONNULL = YES;
				CLANG_ANALYZER_NUMBER_OBJECT_CONVERSION = YES_AGGRESSIVE;
				CLANG_CXX_LANGUAGE_STANDARD = "gnu++14";
				CLANG_CXX_LIBRARY = "libc++";
				CLANG_ENABLE_MODULES = YES;
				CLANG_ENABLE_OBJC_ARC = YES;
				CLANG_ENABLE_OBJC_WEAK = YES;
				CLANG_WARN_BLOCK_CAPTURE_AUTORELEASING = YES;
				CLANG_WARN_BOOL_CONVERSION = YES;
				CLANG_WARN_COMMA = YES;
				CLANG_WARN_CONSTANT_CONVERSION = YES;
				CLANG_WARN_DEPRECATED_OBJC_IMPLEMENTATIONS = YES;
				CLANG_WARN_DIRECT_OBJC_ISA_USAGE = YES_ERROR;
				CLANG_WARN_DOCUMENTATION_COMMENTS = YES;
				CLANG_WARN_EMPTY_BODY = YES;
				CLANG_WARN_ENUM_CONVERSION = YES;
				CLANG_WARN_INFINITE_RECURSION = YES;
				CLANG_WARN_INT_CONVERSION = YES;
				CLANG_WARN_NON_LITERAL_NULL_CONVERSION = YES;
				CLANG_WARN_OBJC_IMPLICIT_RETAIN_SELF = YES;
				CLANG_WARN_OBJC_LITERAL_CONVERSION = YES;
				CLANG_WARN_OBJC_ROOT_CLASS = YES_ERROR;
				CLANG_WARN_RANGE_LOOP_ANALYSIS = YES;
				CLANG_WARN_STRICT_PROTOTYPES = YES;
				CLANG_WARN_SUSPICIOUS_MOVE = YES;
				CLANG_WARN_UNGUARDED_AVAILABILITY = YES_AGGRESSIVE;
				CLANG_WARN_UNREACHABLE_CODE = YES;
				CLANG_WARN__DUPLICATE_METHOD_MATCH = YES;
				CODE_SIGN_IDENTITY = "iPhone Developer";
				COPY_PHASE_STRIP = NO;
				DEBUG_INFORMATION_FORMAT = "dwarf-with-dsym";
				ENABLE_NS_ASSERTIONS = NO;
				ENABLE_STRICT_OBJC_MSGSEND = YES;
				GCC_C_LANGUAGE_STANDARD = gnu11;
				GCC_NO_COMMON_BLOCKS = YES;
				GCC_WARN_64_TO_32_BIT_CONVERSION = YES;
				GCC_WARN_ABOUT_RETURN_TYPE = YES_ERROR;
				GCC_WARN_UNDECLARED_SELECTOR = YES;
				GCC_WARN_UNINITIALIZED_AUTOS = YES_AGGRESSIVE;
				GCC_WARN_UNUSED_FUNCTION = YES;
				GCC_WARN_UNUSED_VARIABLE = YES;
				IPHONEOS_DEPLOYMENT_TARGET = 12.1;
				MTL_ENABLE_DEBUG_INFO = NO;
				MTL_FAST_MATH = YES;
				SDKROOT = iphoneos;
				SWIFT_COMPILATION_MODE = wholemodule;
				SWIFT_OPTIMIZATION_LEVEL = "-O";
				VALIDATE_PRODUCT = YES;
			};
			name = Release;
		};
		4CE5E8D22195117600BC86F7 /* Debug */ = {
			isa = XCBuildConfiguration;
			buildSettings = {
				ASSETCATALOG_COMPILER_APPICON_NAME = AppIcon;
				CODE_SIGN_STYLE = Automatic;
				DEVELOPMENT_TEAM = MFNQ54N2S6;
				INFOPLIST_FILE = AndroidQuality/Info.plist;
				LD_RUNPATH_SEARCH_PATHS = (
					"$(inherited)",
					"@executable_path/Frameworks",
				);
				PRODUCT_BUNDLE_IDENTIFIER = com.lema.AndroidQuality;
				PRODUCT_NAME = "$(TARGET_NAME)";
				SWIFT_VERSION = 4.2;
				TARGETED_DEVICE_FAMILY = "1,2";
			};
			name = Debug;
		};
		4CE5E8D32195117600BC86F7 /* Release */ = {
			isa = XCBuildConfiguration;
			buildSettings = {
				ASSETCATALOG_COMPILER_APPICON_NAME = AppIcon;
				CODE_SIGN_STYLE = Automatic;
				DEVELOPMENT_TEAM = MFNQ54N2S6;
				INFOPLIST_FILE = AndroidQuality/Info.plist;
				LD_RUNPATH_SEARCH_PATHS = (
					"$(inherited)",
					"@executable_path/Frameworks",
				);
				PRODUCT_BUNDLE_IDENTIFIER = com.lema.AndroidQuality;
				PRODUCT_NAME = "$(TARGET_NAME)";
				SWIFT_VERSION = 4.2;
				TARGETED_DEVICE_FAMILY = "1,2";
			};
			name = Release;
		};
/* End XCBuildConfiguration section */

/* Begin XCConfigurationList section */
		4CE5E8BA2195117500BC86F7 /* Build configuration list for PBXProject "AndroidQuality" */ = {
			isa = XCConfigurationList;
			buildConfigurations = (
				4CE5E8CF2195117600BC86F7 /* Debug */,
				4CE5E8D02195117600BC86F7 /* Release */,
			);
			defaultConfigurationIsVisible = 0;
			defaultConfigurationName = Release;
		};
		4CE5E8D12195117600BC86F7 /* Build configuration list for PBXNativeTarget "AndroidQuality" */ = {
			isa = XCConfigurationList;
			buildConfigurations = (
				4CE5E8D22195117600BC86F7 /* Debug */,
				4CE5E8D32195117600BC86F7 /* Release */,
			);
			defaultConfigurationIsVisible = 0;
			defaultConfigurationName = Release;
		};
/* End XCConfigurationList section */
	};
	rootObject = 4CE5E8B72195117500BC86F7 /* Project object */;
}
